Microsoft Visual Studio Solution File, Format Version 12.00
# Visual Studio Version 17
VisualStudioVersion = 17.5.2.0
MinimumVisualStudioVersion = 10.0.40219.1
Project("{2150E333-8FDC-42A3-9474-1A3956D46DE8}") = "src", "src", "{827E0CD3-B72D-47B6-A68D-7590B98EB39B}"
EndProject
Project("{FAE04EC0-301F-11D3-BF4B-00C04F79EFBC}") = "TemplateBot", "src\main-bot\TemplateBot.csproj", "{8518B461-07A0-06A5-4220-8FB35A296561}"
EndProject
Project("{2150E333-8FDC-42A3-9474-1A3956D46DE8}") = "alternative-bots", "alternative-bots", "{A3963A42-BA02-1665-FEE3-9A6867D26CB0}"
EndProject
Project("{FAE04EC0-301F-11D3-BF4B-00C04F79EFBC}") = "LariAdaSule", "src\alternative-bots\LariAdaSule\LariAdaSule.csproj", "{D72006EC-520D-DDD8-30E3-C893172D01A6}"
EndProject
Project("{FAE04EC0-301F-11D3-BF4B-00C04F79EFBC}") = "OhGituMainnyaYa", "src\alternative-bots\OhGituMainnyaYa\OhGituMainnyaYa.csproj", "{9CCC2A68-91D7-3FD7-2C2A-0BD571148D39}"
EndProject
Project("{FAE04EC0-301F-11D3-BF4B-00C04F79EFBC}") = "SoedirMan", "src\alternative-bots\SoedirMan\SoedirMan.csproj", "{A7F8810E-B5FB-12E1-8449-B79E78C183B4}"
EndProject
Global
	GlobalSection(SolutionConfigurationPlatforms) = preSolution
		Debug|Any CPU = Debug|Any CPU
		Release|Any CPU = Release|Any CPU
	EndGlobalSection
	GlobalSection(ProjectConfigurationPlatforms) = postSolution
		{8518B461-07A0-06A5-4220-8FB35A296561}.Debug|Any CPU.ActiveCfg = Debug|Any CPU
		{8518B461-07A0-06A5-4220-8FB35A296561}.Debug|Any CPU.Build.0 = Debug|Any CPU
		{8518B461-07A0-06A5-4220-8FB35A296561}.Release|Any CPU.ActiveCfg = Release|Any CPU
		{8518B461-07A0-06A5-4220-8FB35A296561}.Release|Any CPU.Build.0 = Release|Any CPU
		{D72006EC-520D-DDD8-30E3-C893172D01A6}.Debug|Any CPU.ActiveCfg = Debug|Any CPU
		{D72006EC-520D-DDD8-30E3-C893172D01A6}.Debug|Any CPU.Build.0 = Debug|Any CPU
		{D72006EC-520D-DDD8-30E3-C893172D01A6}.Release|Any CPU.ActiveCfg = Release|Any CPU
		{D72006EC-520D-DDD8-30E3-C893172D01A6}.Release|Any CPU.Build.0 = Release|Any CPU
		{9CCC2A68-91D7-3FD7-2C2A-0BD571148D39}.Debug|Any CPU.ActiveCfg = Debug|Any CPU
		{9CCC2A68-91D7-3FD7-2C2A-0BD571148D39}.Debug|Any CPU.Build.0 = Debug|Any CPU
		{9CCC2A68-91D7-3FD7-2C2A-0BD571148D39}.Release|Any CPU.ActiveCfg = Release|Any CPU
		{9CCC2A68-91D7-3FD7-2C2A-0BD571148D39}.Release|Any CPU.Build.0 = Release|Any CPU
		{A7F8810E-B5FB-12E1-8449-B79E78C183B4}.Debug|Any CPU.ActiveCfg = Debug|Any CPU
		{A7F8810E-B5FB-12E1-8449-B79E78C183B4}.Debug|Any CPU.Build.0 = Debug|Any CPU
		{A7F8810E-B5FB-12E1-8449-B79E78C183B4}.Release|Any CPU.ActiveCfg = Release|Any CPU
		{A7F8810E-B5FB-12E1-8449-B79E78C183B4}.Release|Any CPU.Build.0 = Release|Any CPU
	EndGlobalSection
	GlobalSection(SolutionProperties) = preSolution
		HideSolutionNode = FALSE
	EndGlobalSection
	GlobalSection(NestedProjects) = preSolution
		{8518B461-07A0-06A5-4220-8FB35A296561} = {827E0CD3-B72D-47B6-A68D-7590B98EB39B}
		{A3963A42-BA02-1665-FEE3-9A6867D26CB0} = {827E0CD3-B72D-47B6-A68D-7590B98EB39B}
		{D72006EC-520D-DDD8-30E3-C893172D01A6} = {A3963A42-BA02-1665-FEE3-9A6867D26CB0}
		{9CCC2A68-91D7-3FD7-2C2A-0BD571148D39} = {A3963A42-BA02-1665-FEE3-9A6867D26CB0}
		{A7F8810E-B5FB-12E1-8449-B79E78C183B4} = {A3963A42-BA02-1665-FEE3-9A6867D26CB0}
	EndGlobalSection
	GlobalSection(ExtensibilityGlobals) = postSolution
		SolutionGuid = {E0E176A8-617E-48BC-82DD-303DA669440B}
	EndGlobalSection
EndGlobal
